
Microsoft Visual Studio Solution File, Format Version 12.00
Project("{FAE04EC0-301F-11D3-BF4B-00C04F79EFBC}") = "401TempleApp", "401TempleApp\401TempleApp.csproj", "{58239479-2844-41C0-9DBD-7EE1C40FD817}"
EndProject
Global
	GlobalSection(SolutionConfigurationPlatforms) = preSolution
		Debug|Any CPU = Debug|Any CPU
		Release|Any CPU = Release|Any CPU
	EndGlobalSection
	GlobalSection(ProjectConfigurationPlatforms) = postSolution
		{58239479-2844-41C0-9DBD-7EE1C40FD817}.Debug|Any CPU.ActiveCfg = Debug|Any CPU
		{58239479-2844-41C0-9DBD-7EE1C40FD817}.Debug|Any CPU.Build.0 = Debug|Any CPU
		{58239479-2844-41C0-9DBD-7EE1C40FD817}.Release|Any CPU.ActiveCfg = Release|Any CPU
		{58239479-2844-41C0-9DBD-7EE1C40FD817}.Release|Any CPU.Build.0 = Release|Any CPU
	EndGlobalSection
EndGlobal
